
Microsoft Visual Studio Solution File, Format Version 12.00
# Visual Studio Version 17
VisualStudioVersion = 17.6.33801.468
MinimumVisualStudioVersion = 10.0.40219.1
Project("{54A90642-561A-4BB1-A94E-469ADEE60C69}") = "angularapp", "angularapp\angularapp.esproj", "{F981EE05-266E-4F1B-8CF4-3C57E8BFE158}"
EndProject
Project("{9A19103F-16F7-4668-BE54-9A1E7A4F7556}") = "webapi", "webapi\webapi.csproj", "{094132FC-04DB-4094-8B2D-2F6D110E01AA}"
EndProject
Global
	GlobalSection(SolutionConfigurationPlatforms) = preSolution
		Debug|Any CPU = Debug|Any CPU
		Release|Any CPU = Release|Any CPU
	EndGlobalSection
	GlobalSection(ProjectConfigurationPlatforms) = postSolution
		{F981EE05-266E-4F1B-8CF4-3C57E8BFE158}.Debug|Any CPU.ActiveCfg = Debug|Any CPU
		{F981EE05-266E-4F1B-8CF4-3C57E8BFE158}.Debug|Any CPU.Build.0 = Debug|Any CPU
		{F981EE05-266E-4F1B-8CF4-3C57E8BFE158}.Debug|Any CPU.Deploy.0 = Debug|Any CPU
		{F981EE05-266E-4F1B-8CF4-3C57E8BFE158}.Release|Any CPU.ActiveCfg = Release|Any CPU
		{F981EE05-266E-4F1B-8CF4-3C57E8BFE158}.Release|Any CPU.Build.0 = Release|Any CPU
		{F981EE05-266E-4F1B-8CF4-3C57E8BFE158}.Release|Any CPU.Deploy.0 = Release|Any CPU
		{094132FC-04DB-4094-8B2D-2F6D110E01AA}.Debug|Any CPU.ActiveCfg = Debug|Any CPU
		{094132FC-04DB-4094-8B2D-2F6D110E01AA}.Debug|Any CPU.Build.0 = Debug|Any CPU
		{094132FC-04DB-4094-8B2D-2F6D110E01AA}.Release|Any CPU.ActiveCfg = Release|Any CPU
		{094132FC-04DB-4094-8B2D-2F6D110E01AA}.Release|Any CPU.Build.0 = Release|Any CPU
	EndGlobalSection
	GlobalSection(SolutionProperties) = preSolution
		HideSolutionNode = FALSE
	EndGlobalSection
	GlobalSection(ExtensibilityGlobals) = postSolution
		SolutionGuid = {7460FE0F-372F-4F52-BEE9-589B2DD2F520}
	EndGlobalSection
EndGlobal
